
Microsoft Visual Studio Solution File, Format Version 12.00
# Visual Studio Version 17
VisualStudioVersion = 17.4.33205.214
MinimumVisualStudioVersion = 10.0.40219.1
Project("{FAE04EC0-301F-11D3-BF4B-00C04F79EFBC}") = "TaskList", "TaskList\TaskList.csproj", "{BB179489-D082-4117-B5AE-F6A2E90CA97A}"
EndProject
Global
	GlobalSection(SolutionConfigurationPlatforms) = preSolution
		Debug|Any CPU = Debug|Any CPU
		Release|Any CPU = Release|Any CPU
	EndGlobalSection
	GlobalSection(ProjectConfigurationPlatforms) = postSolution
		{BB179489-D082-4117-B5AE-F6A2E90CA97A}.Debug|Any CPU.ActiveCfg = Debug|Any CPU
		{BB179489-D082-4117-B5AE-F6A2E90CA97A}.Debug|Any CPU.Build.0 = Debug|Any CPU
		{BB179489-D082-4117-B5AE-F6A2E90CA97A}.Release|Any CPU.ActiveCfg = Release|Any CPU
		{BB179489-D082-4117-B5AE-F6A2E90CA97A}.Release|Any CPU.Build.0 = Release|Any CPU
	EndGlobalSection
	GlobalSection(SolutionProperties) = preSolution
		HideSolutionNode = FALSE
	EndGlobalSection
	GlobalSection(ExtensibilityGlobals) = postSolution
		SolutionGuid = {AD709D6B-1352-4E74-A528-051FDD0FE4C3}
	EndGlobalSection
EndGlobal
